
Microsoft Visual Studio Solution File, Format Version 12.00
# Visual Studio Version 17
VisualStudioVersion = 17.1.32421.90
MinimumVisualStudioVersion = 10.0.40219.1
Project("{9A19103F-16F7-4668-BE54-9A1E7A4F7556}") = "PalmSens.Core.Simplified", "PalmSens.Core.Simplified\PalmSens.Core.Simplified.csproj", "{5E9ED037-8863-427A-BE91-4C831255D6FB}"
EndProject
Project("{2150E333-8FDC-42A3-9474-1A3956D46DE8}") = "Solution Items", "Solution Items", "{0E118AC6-5E74-41D9-B115-22E6835C8B67}"
EndProject
Project("{FAE04EC0-301F-11D3-BF4B-00C04F79EFBC}") = "PSSDKXamarinFormsTemplateApp.Android", "PSSDKXamarinFormsTemplateApp\PSSDKXamarinFormsTemplateApp.Android\PSSDKXamarinFormsTemplateApp.Android.csproj", "{D1D83F34-69C2-4AFE-8929-FC2969C38B1A}"
EndProject
Project("{FAE04EC0-301F-11D3-BF4B-00C04F79EFBC}") = "PSSDKXamarinFormsTemplateApp.iOS", "PSSDKXamarinFormsTemplateApp\PSSDKXamarinFormsTemplateApp.iOS\PSSDKXamarinFormsTemplateApp.iOS.csproj", "{B84CCB5A-1C05-4B1C-B710-DDEDB0CFCE44}"
EndProject
Project("{9A19103F-16F7-4668-BE54-9A1E7A4F7556}") = "PSSDKXamarinFormsTemplateApp", "PSSDKXamarinFormsTemplateApp\PSSDKXamarinFormsTemplateApp\PSSDKXamarinFormsTemplateApp.csproj", "{5B9547B1-258D-492E-97C9-41E3201316BD}"
EndProject
Project("{FAE04EC0-301F-11D3-BF4B-00C04F79EFBC}") = "PalmSens.Core.Simplified.XF.Infrastructure.Android", "PalmSens.Core.Simplified.XF.Infrastructure.Android\PalmSens.Core.Simplified.XF.Infrastructure.Android.csproj", "{3E72DA4E-376C-43AA-956D-AE7BBEC54F96}"
EndProject
Project("{9A19103F-16F7-4668-BE54-9A1E7A4F7556}") = "PalmSens.Core.Simplified.XF.Application", "PalmSens.Core.Simplified.XF.Application\PalmSens.Core.Simplified.XF.Application.csproj", "{E2348DD0-116F-4701-B57B-9DB3FF372376}"
EndProject
Global
	GlobalSection(SolutionConfigurationPlatforms) = preSolution
		Debug_CommExceptionHandling|Any CPU = Debug_CommExceptionHandling|Any CPU
		Debug_CommExceptionHandling|iPhone = Debug_CommExceptionHandling|iPhone
		Debug_CommExceptionHandling|iPhoneSimulator = Debug_CommExceptionHandling|iPhoneSimulator
		Debug|Any CPU = Debug|Any CPU
		Debug|iPhone = Debug|iPhone
		Debug|iPhoneSimulator = Debug|iPhoneSimulator
		Release|Any CPU = Release|Any CPU
		Release|iPhone = Release|iPhone
		Release|iPhoneSimulator = Release|iPhoneSimulator
		ReleaseSDK|Any CPU = ReleaseSDK|Any CPU
		ReleaseSDK|iPhone = ReleaseSDK|iPhone
		ReleaseSDK|iPhoneSimulator = ReleaseSDK|iPhoneSimulator
		ReleaseSDKMatlab|Any CPU = ReleaseSDKMatlab|Any CPU
		ReleaseSDKMatlab|iPhone = ReleaseSDKMatlab|iPhone
		ReleaseSDKMatlab|iPhoneSimulator = ReleaseSDKMatlab|iPhoneSimulator
		ReleaseUWP|Any CPU = ReleaseUWP|Any CPU
		ReleaseUWP|iPhone = ReleaseUWP|iPhone
		ReleaseUWP|iPhoneSimulator = ReleaseUWP|iPhoneSimulator
	EndGlobalSection
	GlobalSection(ProjectConfigurationPlatforms) = postSolution
		{5E9ED037-8863-427A-BE91-4C831255D6FB}.Debug_CommExceptionHandling|Any CPU.ActiveCfg = Debug|Any CPU
		{5E9ED037-8863-427A-BE91-4C831255D6FB}.Debug_CommExceptionHandling|Any CPU.Build.0 = Debug|Any CPU
		{5E9ED037-8863-427A-BE91-4C831255D6FB}.Debug_CommExceptionHandling|iPhone.ActiveCfg = Debug|Any CPU
		{5E9ED037-8863-427A-BE91-4C831255D6FB}.Debug_CommExceptionHandling|iPhone.Build.0 = Debug|Any CPU
		{5E9ED037-8863-427A-BE91-4C831255D6FB}.Debug_CommExceptionHandling|iPhoneSimulator.ActiveCfg = Debug|Any CPU
		{5E9ED037-8863-427A-BE91-4C831255D6FB}.Debug_CommExceptionHandling|iPhoneSimulator.Build.0 = Debug|Any CPU
		{5E9ED037-8863-427A-BE91-4C831255D6FB}.Debug|Any CPU.ActiveCfg = Debug|Any CPU
		{5E9ED037-8863-427A-BE91-4C831255D6FB}.Debug|Any CPU.Build.0 = Debug|Any CPU
		{5E9ED037-8863-427A-BE91-4C831255D6FB}.Debug|iPhone.ActiveCfg = Debug|Any CPU
		{5E9ED037-8863-427A-BE91-4C831255D6FB}.Debug|iPhone.Build.0 = Debug|Any CPU
		{5E9ED037-8863-427A-BE91-4C831255D6FB}.Debug|iPhoneSimulator.ActiveCfg = Debug|Any CPU
		{5E9ED037-8863-427A-BE91-4C831255D6FB}.Debug|iPhoneSimulator.Build.0 = Debug|Any CPU
		{5E9ED037-8863-427A-BE91-4C831255D6FB}.Release|Any CPU.ActiveCfg = Release|Any CPU
		{5E9ED037-8863-427A-BE91-4C831255D6FB}.Release|Any CPU.Build.0 = Release|Any CPU
		{5E9ED037-8863-427A-BE91-4C831255D6FB}.Release|iPhone.ActiveCfg = Release|Any CPU
		{5E9ED037-8863-427A-BE91-4C831255D6FB}.Release|iPhone.Build.0 = Release|Any CPU
		{5E9ED037-8863-427A-BE91-4C831255D6FB}.Release|iPhoneSimulator.ActiveCfg = Release|Any CPU
		{5E9ED037-8863-427A-BE91-4C831255D6FB}.Release|iPhoneSimulator.Build.0 = Release|Any CPU
		{5E9ED037-8863-427A-BE91-4C831255D6FB}.ReleaseSDK|Any CPU.ActiveCfg = Release|Any CPU
		{5E9ED037-8863-427A-BE91-4C831255D6FB}.ReleaseSDK|Any CPU.Build.0 = Release|Any CPU
		{5E9ED037-8863-427A-BE91-4C831255D6FB}.ReleaseSDK|iPhone.ActiveCfg = Release|Any CPU
		{5E9ED037-8863-427A-BE91-4C831255D6FB}.ReleaseSDK|iPhone.Build.0 = Release|Any CPU
		{5E9ED037-8863-427A-BE91-4C831255D6FB}.ReleaseSDK|iPhoneSimulator.ActiveCfg = Release|Any CPU
		{5E9ED037-8863-427A-BE91-4C831255D6FB}.ReleaseSDK|iPhoneSimulator.Build.0 = Release|Any CPU
		{5E9ED037-8863-427A-BE91-4C831255D6FB}.ReleaseSDKMatlab|Any CPU.ActiveCfg = Release|Any CPU
		{5E9ED037-8863-427A-BE91-4C831255D6FB}.ReleaseSDKMatlab|Any CPU.Build.0 = Release|Any CPU
		{5E9ED037-8863-427A-BE91-4C831255D6FB}.ReleaseSDKMatlab|iPhone.ActiveCfg = Release|Any CPU
		{5E9ED037-8863-427A-BE91-4C831255D6FB}.ReleaseSDKMatlab|iPhone.Build.0 = Release|Any CPU
		{5E9ED037-8863-427A-BE91-4C831255D6FB}.ReleaseSDKMatlab|iPhoneSimulator.ActiveCfg = Release|Any CPU
		{5E9ED037-8863-427A-BE91-4C831255D6FB}.ReleaseSDKMatlab|iPhoneSimulator.Build.0 = Release|Any CPU
		{5E9ED037-8863-427A-BE91-4C831255D6FB}.ReleaseUWP|Any CPU.ActiveCfg = Release|Any CPU
		{5E9ED037-8863-427A-BE91-4C831255D6FB}.ReleaseUWP|Any CPU.Build.0 = Release|Any CPU
		{5E9ED037-8863-427A-BE91-4C831255D6FB}.ReleaseUWP|iPhone.ActiveCfg = Release|Any CPU
		{5E9ED037-8863-427A-BE91-4C831255D6FB}.ReleaseUWP|iPhone.Build.0 = Release|Any CPU
		{5E9ED037-8863-427A-BE91-4C831255D6FB}.ReleaseUWP|iPhoneSimulator.ActiveCfg = Release|Any CPU
		{5E9ED037-8863-427A-BE91-4C831255D6FB}.ReleaseUWP|iPhoneSimulator.Build.0 = Release|Any CPU
		{D1D83F34-69C2-4AFE-8929-FC2969C38B1A}.Debug_CommExceptionHandling|Any CPU.ActiveCfg = Debug|Any CPU
		{D1D83F34-69C2-4AFE-8929-FC2969C38B1A}.Debug_CommExceptionHandling|Any CPU.Build.0 = Debug|Any CPU
		{D1D83F34-69C2-4AFE-8929-FC2969C38B1A}.Debug_CommExceptionHandling|Any CPU.Deploy.0 = Debug|Any CPU
		{D1D83F34-69C2-4AFE-8929-FC2969C38B1A}.Debug_CommExceptionHandling|iPhone.ActiveCfg = Debug|Any CPU
		{D1D83F34-69C2-4AFE-8929-FC2969C38B1A}.Debug_CommExceptionHandling|iPhone.Build.0 = Debug|Any CPU
		{D1D83F34-69C2-4AFE-8929-FC2969C38B1A}.Debug_CommExceptionHandling|iPhone.Deploy.0 = Debug|Any CPU
		{D1D83F34-69C2-4AFE-8929-FC2969C38B1A}.Debug_CommExceptionHandling|iPhoneSimulator.ActiveCfg = Debug|Any CPU
		{D1D83F34-69C2-4AFE-8929-FC2969C38B1A}.Debug_CommExceptionHandling|iPhoneSimulator.Build.0 = Debug|Any CPU
		{D1D83F34-69C2-4AFE-8929-FC2969C38B1A}.Debug_CommExceptionHandling|iPhoneSimulator.Deploy.0 = Debug|Any CPU
		{D1D83F34-69C2-4AFE-8929-FC2969C38B1A}.Debug|Any CPU.ActiveCfg = Debug|Any CPU
		{D1D83F34-69C2-4AFE-8929-FC2969C38B1A}.Debug|Any CPU.Build.0 = Debug|Any CPU
		{D1D83F34-69C2-4AFE-8929-FC2969C38B1A}.Debug|Any CPU.Deploy.0 = Debug|Any CPU
		{D1D83F34-69C2-4AFE-8929-FC2969C38B1A}.Debug|iPhone.ActiveCfg = Debug|Any CPU
		{D1D83F34-69C2-4AFE-8929-FC2969C38B1A}.Debug|iPhone.Build.0 = Debug|Any CPU
		{D1D83F34-69C2-4AFE-8929-FC2969C38B1A}.Debug|iPhone.Deploy.0 = Debug|Any CPU
		{D1D83F34-69C2-4AFE-8929-FC2969C38B1A}.Debug|iPhoneSimulator.ActiveCfg = Debug|Any CPU
		{D1D83F34-69C2-4AFE-8929-FC2969C38B1A}.Debug|iPhoneSimulator.Build.0 = Debug|Any CPU
		{D1D83F34-69C2-4AFE-8929-FC2969C38B1A}.Debug|iPhoneSimulator.Deploy.0 = Debug|Any CPU
		{D1D83F34-69C2-4AFE-8929-FC2969C38B1A}.Release|Any CPU.ActiveCfg = Release|Any CPU
		{D1D83F34-69C2-4AFE-8929-FC2969C38B1A}.Release|Any CPU.Build.0 = Release|Any CPU
		{D1D83F34-69C2-4AFE-8929-FC2969C38B1A}.Release|Any CPU.Deploy.0 = Release|Any CPU
		{D1D83F34-69C2-4AFE-8929-FC2969C38B1A}.Release|iPhone.ActiveCfg = Release|Any CPU
		{D1D83F34-69C2-4AFE-8929-FC2969C38B1A}.Release|iPhone.Build.0 = Release|Any CPU
		{D1D83F34-69C2-4AFE-8929-FC2969C38B1A}.Release|iPhone.Deploy.0 = Release|Any CPU
		{D1D83F34-69C2-4AFE-8929-FC2969C38B1A}.Release|iPhoneSimulator.ActiveCfg = Release|Any CPU
		{D1D83F34-69C2-4AFE-8929-FC2969C38B1A}.Release|iPhoneSimulator.Build.0 = Release|Any CPU
		{D1D83F34-69C2-4AFE-8929-FC2969C38B1A}.Release|iPhoneSimulator.Deploy.0 = Release|Any CPU
		{D1D83F34-69C2-4AFE-8929-FC2969C38B1A}.ReleaseSDK|Any CPU.ActiveCfg = Release|Any CPU
		{D1D83F34-69C2-4AFE-8929-FC2969C38B1A}.ReleaseSDK|Any CPU.Build.0 = Release|Any CPU
		{D1D83F34-69C2-4AFE-8929-FC2969C38B1A}.ReleaseSDK|Any CPU.Deploy.0 = Release|Any CPU
		{D1D83F34-69C2-4AFE-8929-FC2969C38B1A}.ReleaseSDK|iPhone.ActiveCfg = Release|Any CPU
		{D1D83F34-69C2-4AFE-8929-FC2969C38B1A}.ReleaseSDK|iPhone.Build.0 = Release|Any CPU
		{D1D83F34-69C2-4AFE-8929-FC2969C38B1A}.ReleaseSDK|iPhone.Deploy.0 = Release|Any CPU
		{D1D83F34-69C2-4AFE-8929-FC2969C38B1A}.ReleaseSDK|iPhoneSimulator.ActiveCfg = Release|Any CPU
		{D1D83F34-69C2-4AFE-8929-FC2969C38B1A}.ReleaseSDK|iPhoneSimulator.Build.0 = Release|Any CPU
		{D1D83F34-69C2-4AFE-8929-FC2969C38B1A}.ReleaseSDK|iPhoneSimulator.Deploy.0 = Release|Any CPU
		{D1D83F34-69C2-4AFE-8929-FC2969C38B1A}.ReleaseSDKMatlab|Any CPU.ActiveCfg = Release|Any CPU
		{D1D83F34-69C2-4AFE-8929-FC2969C38B1A}.ReleaseSDKMatlab|Any CPU.Build.0 = Release|Any CPU
		{D1D83F34-69C2-4AFE-8929-FC2969C38B1A}.ReleaseSDKMatlab|Any CPU.Deploy.0 = Release|Any CPU
		{D1D83F34-69C2-4AFE-8929-FC2969C38B1A}.ReleaseSDKMatlab|iPhone.ActiveCfg = Release|Any CPU
		{D1D83F34-69C2-4AFE-8929-FC2969C38B1A}.ReleaseSDKMatlab|iPhone.Build.0 = Release|Any CPU
		{D1D83F34-69C2-4AFE-8929-FC2969C38B1A}.ReleaseSDKMatlab|iPhone.Deploy.0 = Release|Any CPU
		{D1D83F34-69C2-4AFE-8929-FC2969C38B1A}.ReleaseSDKMatlab|iPhoneSimulator.ActiveCfg = Release|Any CPU
		{D1D83F34-69C2-4AFE-8929-FC2969C38B1A}.ReleaseSDKMatlab|iPhoneSimulator.Build.0 = Release|Any CPU
		{D1D83F34-69C2-4AFE-8929-FC2969C38B1A}.ReleaseSDKMatlab|iPhoneSimulator.Deploy.0 = Release|Any CPU
		{D1D83F34-69C2-4AFE-8929-FC2969C38B1A}.ReleaseUWP|Any CPU.ActiveCfg = Release|Any CPU
		{D1D83F34-69C2-4AFE-8929-FC2969C38B1A}.ReleaseUWP|Any CPU.Build.0 = Release|Any CPU
		{D1D83F34-69C2-4AFE-8929-FC2969C38B1A}.ReleaseUWP|Any CPU.Deploy.0 = Release|Any CPU
		{D1D83F34-69C2-4AFE-8929-FC2969C38B1A}.ReleaseUWP|iPhone.ActiveCfg = Release|Any CPU
		{D1D83F34-69C2-4AFE-8929-FC2969C38B1A}.ReleaseUWP|iPhone.Build.0 = Release|Any CPU
		{D1D83F34-69C2-4AFE-8929-FC2969C38B1A}.ReleaseUWP|iPhone.Deploy.0 = Release|Any CPU
		{D1D83F34-69C2-4AFE-8929-FC2969C38B1A}.ReleaseUWP|iPhoneSimulator.ActiveCfg = Release|Any CPU
		{D1D83F34-69C2-4AFE-8929-FC2969C38B1A}.ReleaseUWP|iPhoneSimulator.Build.0 = Release|Any CPU
		{D1D83F34-69C2-4AFE-8929-FC2969C38B1A}.ReleaseUWP|iPhoneSimulator.Deploy.0 = Release|Any CPU
		{B84CCB5A-1C05-4B1C-B710-DDEDB0CFCE44}.Debug_CommExceptionHandling|Any CPU.ActiveCfg = Debug|iPhoneSimulator
		{B84CCB5A-1C05-4B1C-B710-DDEDB0CFCE44}.Debug_CommExceptionHandling|Any CPU.Build.0 = Debug|iPhoneSimulator
		{B84CCB5A-1C05-4B1C-B710-DDEDB0CFCE44}.Debug_CommExceptionHandling|iPhone.ActiveCfg = Debug|iPhone
		{B84CCB5A-1C05-4B1C-B710-DDEDB0CFCE44}.Debug_CommExceptionHandling|iPhone.Build.0 = Debug|iPhone
		{B84CCB5A-1C05-4B1C-B710-DDEDB0CFCE44}.Debug_CommExceptionHandling|iPhoneSimulator.ActiveCfg = Debug|iPhoneSimulator
		{B84CCB5A-1C05-4B1C-B710-DDEDB0CFCE44}.Debug_CommExceptionHandling|iPhoneSimulator.Build.0 = Debug|iPhoneSimulator
		{B84CCB5A-1C05-4B1C-B710-DDEDB0CFCE44}.Debug|Any CPU.ActiveCfg = Debug|iPhoneSimulator
		{B84CCB5A-1C05-4B1C-B710-DDEDB0CFCE44}.Debug|Any CPU.Build.0 = Debug|iPhoneSimulator
		{B84CCB5A-1C05-4B1C-B710-DDEDB0CFCE44}.Debug|iPhone.ActiveCfg = Debug|iPhone
		{B84CCB5A-1C05-4B1C-B710-DDEDB0CFCE44}.Debug|iPhone.Build.0 = Debug|iPhone
		{B84CCB5A-1C05-4B1C-B710-DDEDB0CFCE44}.Debug|iPhoneSimulator.ActiveCfg = Debug|iPhoneSimulator
		{B84CCB5A-1C05-4B1C-B710-DDEDB0CFCE44}.Debug|iPhoneSimulator.Build.0 = Debug|iPhoneSimulator
		{B84CCB5A-1C05-4B1C-B710-DDEDB0CFCE44}.Release|Any CPU.ActiveCfg = Release|iPhoneSimulator
		{B84CCB5A-1C05-4B1C-B710-DDEDB0CFCE44}.Release|Any CPU.Build.0 = Release|iPhoneSimulator
		{B84CCB5A-1C05-4B1C-B710-DDEDB0CFCE44}.Release|iPhone.ActiveCfg = Release|iPhone
		{B84CCB5A-1C05-4B1C-B710-DDEDB0CFCE44}.Release|iPhone.Build.0 = Release|iPhone
		{B84CCB5A-1C05-4B1C-B710-DDEDB0CFCE44}.Release|iPhoneSimulator.ActiveCfg = Release|iPhoneSimulator
		{B84CCB5A-1C05-4B1C-B710-DDEDB0CFCE44}.Release|iPhoneSimulator.Build.0 = Release|iPhoneSimulator
		{B84CCB5A-1C05-4B1C-B710-DDEDB0CFCE44}.ReleaseSDK|Any CPU.ActiveCfg = Debug|iPhoneSimulator
		{B84CCB5A-1C05-4B1C-B710-DDEDB0CFCE44}.ReleaseSDK|Any CPU.Build.0 = Debug|iPhoneSimulator
		{B84CCB5A-1C05-4B1C-B710-DDEDB0CFCE44}.ReleaseSDK|iPhone.ActiveCfg = Release|iPhone
		{B84CCB5A-1C05-4B1C-B710-DDEDB0CFCE44}.ReleaseSDK|iPhone.Build.0 = Release|iPhone
		{B84CCB5A-1C05-4B1C-B710-DDEDB0CFCE44}.ReleaseSDK|iPhoneSimulator.ActiveCfg = Release|iPhoneSimulator
		{B84CCB5A-1C05-4B1C-B710-DDEDB0CFCE44}.ReleaseSDK|iPhoneSimulator.Build.0 = Release|iPhoneSimulator
		{B84CCB5A-1C05-4B1C-B710-DDEDB0CFCE44}.ReleaseSDKMatlab|Any CPU.ActiveCfg = Debug|iPhoneSimulator
		{B84CCB5A-1C05-4B1C-B710-DDEDB0CFCE44}.ReleaseSDKMatlab|Any CPU.Build.0 = Debug|iPhoneSimulator
		{B84CCB5A-1C05-4B1C-B710-DDEDB0CFCE44}.ReleaseSDKMatlab|iPhone.ActiveCfg = Release|iPhone
		{B84CCB5A-1C05-4B1C-B710-DDEDB0CFCE44}.ReleaseSDKMatlab|iPhone.Build.0 = Release|iPhone
		{B84CCB5A-1C05-4B1C-B710-DDEDB0CFCE44}.ReleaseSDKMatlab|iPhoneSimulator.ActiveCfg = Release|iPhoneSimulator
		{B84CCB5A-1C05-4B1C-B710-DDEDB0CFCE44}.ReleaseSDKMatlab|iPhoneSimulator.Build.0 = Release|iPhoneSimulator
		{B84CCB5A-1C05-4B1C-B710-DDEDB0CFCE44}.ReleaseUWP|Any CPU.ActiveCfg = Debug|iPhoneSimulator
		{B84CCB5A-1C05-4B1C-B710-DDEDB0CFCE44}.ReleaseUWP|Any CPU.Build.0 = Debug|iPhoneSimulator
		{B84CCB5A-1C05-4B1C-B710-DDEDB0CFCE44}.ReleaseUWP|iPhone.ActiveCfg = Release|iPhone
		{B84CCB5A-1C05-4B1C-B710-DDEDB0CFCE44}.ReleaseUWP|iPhone.Build.0 = Release|iPhone
		{B84CCB5A-1C05-4B1C-B710-DDEDB0CFCE44}.ReleaseUWP|iPhoneSimulator.ActiveCfg = Release|iPhoneSimulator
		{B84CCB5A-1C05-4B1C-B710-DDEDB0CFCE44}.ReleaseUWP|iPhoneSimulator.Build.0 = Release|iPhoneSimulator
		{5B9547B1-258D-492E-97C9-41E3201316BD}.Debug_CommExceptionHandling|Any CPU.ActiveCfg = Debug|Any CPU
		{5B9547B1-258D-492E-97C9-41E3201316BD}.Debug_CommExceptionHandling|Any CPU.Build.0 = Debug|Any CPU
		{5B9547B1-258D-492E-97C9-41E3201316BD}.Debug_CommExceptionHandling|iPhone.ActiveCfg = Debug|Any CPU
		{5B9547B1-258D-492E-97C9-41E3201316BD}.Debug_CommExceptionHandling|iPhone.Build.0 = Debug|Any CPU
		{5B9547B1-258D-492E-97C9-41E3201316BD}.Debug_CommExceptionHandling|iPhoneSimulator.ActiveCfg = Debug|Any CPU
		{5B9547B1-258D-492E-97C9-41E3201316BD}.Debug_CommExceptionHandling|iPhoneSimulator.Build.0 = Debug|Any CPU
		{5B9547B1-258D-492E-97C9-41E3201316BD}.Debug|Any CPU.ActiveCfg = Debug|Any CPU
		{5B9547B1-258D-492E-97C9-41E3201316BD}.Debug|Any CPU.Build.0 = Debug|Any CPU
		{5B9547B1-258D-492E-97C9-41E3201316BD}.Debug|iPhone.ActiveCfg = Debug|Any CPU
		{5B9547B1-258D-492E-97C9-41E3201316BD}.Debug|iPhone.Build.0 = Debug|Any CPU
		{5B9547B1-258D-492E-97C9-41E3201316BD}.Debug|iPhoneSimulator.ActiveCfg = Debug|Any CPU
		{5B9547B1-258D-492E-97C9-41E3201316BD}.Debug|iPhoneSimulator.Build.0 = Debug|Any CPU
		{5B9547B1-258D-492E-97C9-41E3201316BD}.Release|Any CPU.ActiveCfg = Release|Any CPU
		{5B9547B1-258D-492E-97C9-41E3201316BD}.Release|Any CPU.Build.0 = Release|Any CPU
		{5B9547B1-258D-492E-97C9-41E3201316BD}.Release|iPhone.ActiveCfg = Release|Any CPU
		{5B9547B1-258D-492E-97C9-41E3201316BD}.Release|iPhone.Build.0 = Release|Any CPU
		{5B9547B1-258D-492E-97C9-41E3201316BD}.Release|iPhoneSimulator.ActiveCfg = Release|Any CPU
		{5B9547B1-258D-492E-97C9-41E3201316BD}.Release|iPhoneSimulator.Build.0 = Release|Any CPU
		{5B9547B1-258D-492E-97C9-41E3201316BD}.ReleaseSDK|Any CPU.ActiveCfg = Release|Any CPU
		{5B9547B1-258D-492E-97C9-41E3201316BD}.ReleaseSDK|Any CPU.Build.0 = Release|Any CPU
		{5B9547B1-258D-492E-97C9-41E3201316BD}.ReleaseSDK|iPhone.ActiveCfg = Release|Any CPU
		{5B9547B1-258D-492E-97C9-41E3201316BD}.ReleaseSDK|iPhone.Build.0 = Release|Any CPU
		{5B9547B1-258D-492E-97C9-41E3201316BD}.ReleaseSDK|iPhoneSimulator.ActiveCfg = Release|Any CPU
		{5B9547B1-258D-492E-97C9-41E3201316BD}.ReleaseSDK|iPhoneSimulator.Build.0 = Release|Any CPU
		{5B9547B1-258D-492E-97C9-41E3201316BD}.ReleaseSDKMatlab|Any CPU.ActiveCfg = Release|Any CPU
		{5B9547B1-258D-492E-97C9-41E3201316BD}.ReleaseSDKMatlab|Any CPU.Build.0 = Release|Any CPU
		{5B9547B1-258D-492E-97C9-41E3201316BD}.ReleaseSDKMatlab|iPhone.ActiveCfg = Release|Any CPU
		{5B9547B1-258D-492E-97C9-41E3201316BD}.ReleaseSDKMatlab|iPhone.Build.0 = Release|Any CPU
		{5B9547B1-258D-492E-97C9-41E3201316BD}.ReleaseSDKMatlab|iPhoneSimulator.ActiveCfg = Release|Any CPU
		{5B9547B1-258D-492E-97C9-41E3201316BD}.ReleaseSDKMatlab|iPhoneSimulator.Build.0 = Release|Any CPU
		{5B9547B1-258D-492E-97C9-41E3201316BD}.ReleaseUWP|Any CPU.ActiveCfg = Release|Any CPU
		{5B9547B1-258D-492E-97C9-41E3201316BD}.ReleaseUWP|Any CPU.Build.0 = Release|Any CPU
		{5B9547B1-258D-492E-97C9-41E3201316BD}.ReleaseUWP|iPhone.ActiveCfg = Release|Any CPU
		{5B9547B1-258D-492E-97C9-41E3201316BD}.ReleaseUWP|iPhone.Build.0 = Release|Any CPU
		{5B9547B1-258D-492E-97C9-41E3201316BD}.ReleaseUWP|iPhoneSimulator.ActiveCfg = Release|Any CPU
		{5B9547B1-258D-492E-97C9-41E3201316BD}.ReleaseUWP|iPhoneSimulator.Build.0 = Release|Any CPU
		{3E72DA4E-376C-43AA-956D-AE7BBEC54F96}.Debug_CommExceptionHandling|Any CPU.ActiveCfg = Debug|Any CPU
		{3E72DA4E-376C-43AA-956D-AE7BBEC54F96}.Debug_CommExceptionHandling|Any CPU.Build.0 = Debug|Any CPU
		{3E72DA4E-376C-43AA-956D-AE7BBEC54F96}.Debug_CommExceptionHandling|iPhone.ActiveCfg = Debug|Any CPU
		{3E72DA4E-376C-43AA-956D-AE7BBEC54F96}.Debug_CommExceptionHandling|iPhone.Build.0 = Debug|Any CPU
		{3E72DA4E-376C-43AA-956D-AE7BBEC54F96}.Debug_CommExceptionHandling|iPhoneSimulator.ActiveCfg = Debug|Any CPU
		{3E72DA4E-376C-43AA-956D-AE7BBEC54F96}.Debug_CommExceptionHandling|iPhoneSimulator.Build.0 = Debug|Any CPU
		{3E72DA4E-376C-43AA-956D-AE7BBEC54F96}.Debug|Any CPU.ActiveCfg = Debug|Any CPU
		{3E72DA4E-376C-43AA-956D-AE7BBEC54F96}.Debug|Any CPU.Build.0 = Debug|Any CPU
		{3E72DA4E-376C-43AA-956D-AE7BBEC54F96}.Debug|iPhone.ActiveCfg = Debug|Any CPU
		{3E72DA4E-376C-43AA-956D-AE7BBEC54F96}.Debug|iPhone.Build.0 = Debug|Any CPU
		{3E72DA4E-376C-43AA-956D-AE7BBEC54F96}.Debug|iPhoneSimulator.ActiveCfg = Debug|Any CPU
		{3E72DA4E-376C-43AA-956D-AE7BBEC54F96}.Debug|iPhoneSimulator.Build.0 = Debug|Any CPU
		{3E72DA4E-376C-43AA-956D-AE7BBEC54F96}.Release|Any CPU.ActiveCfg = Release|Any CPU
		{3E72DA4E-376C-43AA-956D-AE7BBEC54F96}.Release|Any CPU.Build.0 = Release|Any CPU
		{3E72DA4E-376C-43AA-956D-AE7BBEC54F96}.Release|iPhone.ActiveCfg = Release|Any CPU
		{3E72DA4E-376C-43AA-956D-AE7BBEC54F96}.Release|iPhone.Build.0 = Release|Any CPU
		{3E72DA4E-376C-43AA-956D-AE7BBEC54F96}.Release|iPhoneSimulator.ActiveCfg = Release|Any CPU
		{3E72DA4E-376C-43AA-956D-AE7BBEC54F96}.Release|iPhoneSimulator.Build.0 = Release|Any CPU
		{3E72DA4E-376C-43AA-956D-AE7BBEC54F96}.ReleaseSDK|Any CPU.ActiveCfg = Release|Any CPU
		{3E72DA4E-376C-43AA-956D-AE7BBEC54F96}.ReleaseSDK|Any CPU.Build.0 = Release|Any CPU
		{3E72DA4E-376C-43AA-956D-AE7BBEC54F96}.ReleaseSDK|iPhone.ActiveCfg = Release|Any CPU
		{3E72DA4E-376C-43AA-956D-AE7BBEC54F96}.ReleaseSDK|iPhone.Build.0 = Release|Any CPU
		{3E72DA4E-376C-43AA-956D-AE7BBEC54F96}.ReleaseSDK|iPhoneSimulator.ActiveCfg = Release|Any CPU
		{3E72DA4E-376C-43AA-956D-AE7BBEC54F96}.ReleaseSDK|iPhoneSimulator.Build.0 = Release|Any CPU
		{3E72DA4E-376C-43AA-956D-AE7BBEC54F96}.ReleaseSDKMatlab|Any CPU.ActiveCfg = Release|Any CPU
		{3E72DA4E-376C-43AA-956D-AE7BBEC54F96}.ReleaseSDKMatlab|Any CPU.Build.0 = Release|Any CPU
		{3E72DA4E-376C-43AA-956D-AE7BBEC54F96}.ReleaseSDKMatlab|iPhone.ActiveCfg = Release|Any CPU
		{3E72DA4E-376C-43AA-956D-AE7BBEC54F96}.ReleaseSDKMatlab|iPhone.Build.0 = Release|Any CPU
		{3E72DA4E-376C-43AA-956D-AE7BBEC54F96}.ReleaseSDKMatlab|iPhoneSimulator.ActiveCfg = Release|Any CPU
		{3E72DA4E-376C-43AA-956D-AE7BBEC54F96}.ReleaseSDKMatlab|iPhoneSimulator.Build.0 = Release|Any CPU
		{3E72DA4E-376C-43AA-956D-AE7BBEC54F96}.ReleaseUWP|Any CPU.ActiveCfg = Release|Any CPU
		{3E72DA4E-376C-43AA-956D-AE7BBEC54F96}.ReleaseUWP|Any CPU.Build.0 = Release|Any CPU
		{3E72DA4E-376C-43AA-956D-AE7BBEC54F96}.ReleaseUWP|iPhone.ActiveCfg = Release|Any CPU
		{3E72DA4E-376C-43AA-956D-AE7BBEC54F96}.ReleaseUWP|iPhone.Build.0 = Release|Any CPU
		{3E72DA4E-376C-43AA-956D-AE7BBEC54F96}.ReleaseUWP|iPhoneSimulator.ActiveCfg = Release|Any CPU
		{3E72DA4E-376C-43AA-956D-AE7BBEC54F96}.ReleaseUWP|iPhoneSimulator.Build.0 = Release|Any CPU
		{E2348DD0-116F-4701-B57B-9DB3FF372376}.Debug_CommExceptionHandling|Any CPU.ActiveCfg = Debug|Any CPU
		{E2348DD0-116F-4701-B57B-9DB3FF372376}.Debug_CommExceptionHandling|Any CPU.Build.0 = Debug|Any CPU
		{E2348DD0-116F-4701-B57B-9DB3FF372376}.Debug_CommExceptionHandling|iPhone.ActiveCfg = Debug|Any CPU
		{E2348DD0-116F-4701-B57B-9DB3FF372376}.Debug_CommExceptionHandling|iPhone.Build.0 = Debug|Any CPU
		{E2348DD0-116F-4701-B57B-9DB3FF372376}.Debug_CommExceptionHandling|iPhoneSimulator.ActiveCfg = Debug|Any CPU
		{E2348DD0-116F-4701-B57B-9DB3FF372376}.Debug_CommExceptionHandling|iPhoneSimulator.Build.0 = Debug|Any CPU
		{E2348DD0-116F-4701-B57B-9DB3FF372376}.Debug|Any CPU.ActiveCfg = Debug|Any CPU
		{E2348DD0-116F-4701-B57B-9DB3FF372376}.Debug|Any CPU.Build.0 = Debug|Any CPU
		{E2348DD0-116F-4701-B57B-9DB3FF372376}.Debug|iPhone.ActiveCfg = Debug|Any CPU
		{E2348DD0-116F-4701-B57B-9DB3FF372376}.Debug|iPhone.Build.0 = Debug|Any CPU
		{E2348DD0-116F-4701-B57B-9DB3FF372376}.Debug|iPhoneSimulator.ActiveCfg = Debug|Any CPU
		{E2348DD0-116F-4701-B57B-9DB3FF372376}.Debug|iPhoneSimulator.Build.0 = Debug|Any CPU
		{E2348DD0-116F-4701-B57B-9DB3FF372376}.Release|Any CPU.ActiveCfg = Release|Any CPU
		{E2348DD0-116F-4701-B57B-9DB3FF372376}.Release|Any CPU.Build.0 = Release|Any CPU
		{E2348DD0-116F-4701-B57B-9DB3FF372376}.Release|iPhone.ActiveCfg = Release|Any CPU
		{E2348DD0-116F-4701-B57B-9DB3FF372376}.Release|iPhone.Build.0 = Release|Any CPU
		{E2348DD0-116F-4701-B57B-9DB3FF372376}.Release|iPhoneSimulator.ActiveCfg = Release|Any CPU
		{E2348DD0-116F-4701-B57B-9DB3FF372376}.Release|iPhoneSimulator.Build.0 = Release|Any CPU
		{E2348DD0-116F-4701-B57B-9DB3FF372376}.ReleaseSDK|Any CPU.ActiveCfg = Release|Any CPU
		{E2348DD0-116F-4701-B57B-9DB3FF372376}.ReleaseSDK|Any CPU.Build.0 = Release|Any CPU
		{E2348DD0-116F-4701-B57B-9DB3FF372376}.ReleaseSDK|iPhone.ActiveCfg = Release|Any CPU
		{E2348DD0-116F-4701-B57B-9DB3FF372376}.ReleaseSDK|iPhone.Build.0 = Release|Any CPU
		{E2348DD0-116F-4701-B57B-9DB3FF372376}.ReleaseSDK|iPhoneSimulator.ActiveCfg = Release|Any CPU
		{E2348DD0-116F-4701-B57B-9DB3FF372376}.ReleaseSDK|iPhoneSimulator.Build.0 = Release|Any CPU
		{E2348DD0-116F-4701-B57B-9DB3FF372376}.ReleaseSDKMatlab|Any CPU.ActiveCfg = Release|Any CPU
		{E2348DD0-116F-4701-B57B-9DB3FF372376}.ReleaseSDKMatlab|Any CPU.Build.0 = Release|Any CPU
		{E2348DD0-116F-4701-B57B-9DB3FF372376}.ReleaseSDKMatlab|iPhone.ActiveCfg = Release|Any CPU
		{E2348DD0-116F-4701-B57B-9DB3FF372376}.ReleaseSDKMatlab|iPhone.Build.0 = Release|Any CPU
		{E2348DD0-116F-4701-B57B-9DB3FF372376}.ReleaseSDKMatlab|iPhoneSimulator.ActiveCfg = Release|Any CPU
		{E2348DD0-116F-4701-B57B-9DB3FF372376}.ReleaseSDKMatlab|iPhoneSimulator.Build.0 = Release|Any CPU
		{E2348DD0-116F-4701-B57B-9DB3FF372376}.ReleaseUWP|Any CPU.ActiveCfg = Release|Any CPU
		{E2348DD0-116F-4701-B57B-9DB3FF372376}.ReleaseUWP|Any CPU.Build.0 = Release|Any CPU
		{E2348DD0-116F-4701-B57B-9DB3FF372376}.ReleaseUWP|iPhone.ActiveCfg = Release|Any CPU
		{E2348DD0-116F-4701-B57B-9DB3FF372376}.ReleaseUWP|iPhone.Build.0 = Release|Any CPU
		{E2348DD0-116F-4701-B57B-9DB3FF372376}.ReleaseUWP|iPhoneSimulator.ActiveCfg = Release|Any CPU
		{E2348DD0-116F-4701-B57B-9DB3FF372376}.ReleaseUWP|iPhoneSimulator.Build.0 = Release|Any CPU
	EndGlobalSection
	GlobalSection(SolutionProperties) = preSolution
		HideSolutionNode = FALSE
	EndGlobalSection
	GlobalSection(ExtensibilityGlobals) = postSolution
		SolutionGuid = {E2A170DE-CA49-4FBD-870C-50FA626BCB9C}
	EndGlobalSection
EndGlobal
